
Microsoft Visual Studio Solution File, Format Version 12.00
# Visual Studio Version 17
VisualStudioVersion = 17.3.32901.215
MinimumVisualStudioVersion = 10.0.40219.1
Project("{FAE04EC0-301F-11D3-BF4B-00C04F79EFBC}") = "BlazorCustomEventArgs", "BlazorCustomEventArgs.csproj", "{08AC1BCA-6467-42AC-BCA1-CAD3019A83AA}"
EndProject
Global
	GlobalSection(SolutionConfigurationPlatforms) = preSolution
		Debug|Any CPU = Debug|Any CPU
		Release|Any CPU = Release|Any CPU
	EndGlobalSection
	GlobalSection(ProjectConfigurationPlatforms) = postSolution
		{08AC1BCA-6467-42AC-BCA1-CAD3019A83AA}.Debug|Any CPU.ActiveCfg = Debug|Any CPU
		{08AC1BCA-6467-42AC-BCA1-CAD3019A83AA}.Debug|Any CPU.Build.0 = Debug|Any CPU
		{08AC1BCA-6467-42AC-BCA1-CAD3019A83AA}.Release|Any CPU.ActiveCfg = Release|Any CPU
		{08AC1BCA-6467-42AC-BCA1-CAD3019A83AA}.Release|Any CPU.Build.0 = Release|Any CPU
	EndGlobalSection
	GlobalSection(SolutionProperties) = preSolution
		HideSolutionNode = FALSE
	EndGlobalSection
	GlobalSection(ExtensibilityGlobals) = postSolution
		SolutionGuid = {6F0D8C11-7471-433E-86F7-6CBE989644D3}
	EndGlobalSection
EndGlobal
